// !$*UTF8*$!
{
	archiveVersion = 1;
	classes = {
	};
	objectVersion = 46;
	objects = {

/* Begin PBXBuildFile section */
		3F30470D1F40945900F8BF5D /* AppDelegate.swift in Sources */ = {isa = PBXBuildFile; fileRef = 3F30470C1F40945900F8BF5D /* AppDelegate.swift */; };
		3F30470F1F40945900F8BF5D /* ViewController.swift in Sources */ = {isa = PBXBuildFile; fileRef = 3F30470E1F40945900F8BF5D /* ViewController.swift */; };
		3F3047121F40945900F8BF5D /* Main.storyboard in Resources */ = {isa = PBXBuildFile; fileRef = 3F3047101F40945900F8BF5D /* Main.storyboard */; };
		3F3047141F40945900F8BF5D /* Assets.xcassets in Resources */ = {isa = PBXBuildFile; fileRef = 3F3047131F40945900F8BF5D /* Assets.xcassets */; };
		3F3047171F40945900F8BF5D /* LaunchScreen.storyboard in Resources */ = {isa = PBXBuildFile; fileRef = 3F3047151F40945900F8BF5D /* LaunchScreen.storyboard */; };
		3F615F451F52F081006CFBCB /* CuteAttribute.h in Headers */ = {isa = PBXBuildFile; fileRef = 3F615F431F52F025006CFBCB /* CuteAttribute.h */; settings = {ATTRIBUTES = (Public, ); }; };
		3F615F561F52F8FD006CFBCB /* CuteAttribute.swift in Sources */ = {isa = PBXBuildFile; fileRef = 3F615F461F52F8FD006CFBCB /* CuteAttribute.swift */; };
		3F615F571F52F8FD006CFBCB /* CuteAttribute+append.swift in Sources */ = {isa = PBXBuildFile; fileRef = 3F615F471F52F8FD006CFBCB /* CuteAttribute+append.swift */; };
		3F615F581F52F8FD006CFBCB /* CuteAttribute+Attributes.swift in Sources */ = {isa = PBXBuildFile; fileRef = 3F615F481F52F8FD006CFBCB /* CuteAttribute+Attributes.swift */; };
		3F615F591F52F8FD006CFBCB /* CuteAttribute+Color.swift in Sources */ = {isa = PBXBuildFile; fileRef = 3F615F491F52F8FD006CFBCB /* CuteAttribute+Color.swift */; };
		3F615F5A1F52F8FD006CFBCB /* CuteAttribute+Convert.swift in Sources */ = {isa = PBXBuildFile; fileRef = 3F615F4A1F52F8FD006CFBCB /* CuteAttribute+Convert.swift */; };
		3F615F5B1F52F8FD006CFBCB /* CuteAttribute+Match.swift in Sources */ = {isa = PBXBuildFile; fileRef = 3F615F4B1F52F8FD006CFBCB /* CuteAttribute+Match.swift */; };
		3F615F5C1F52F8FD006CFBCB /* CuteAttribute+NSRange.swift in Sources */ = {isa = PBXBuildFile; fileRef = 3F615F4C1F52F8FD006CFBCB /* CuteAttribute+NSRange.swift */; };
		3F615F5D1F52F8FD006CFBCB /* CuteAttribute+Underline.swift in Sources */ = {isa = PBXBuildFile; fileRef = 3F615F4D1F52F8FD006CFBCB /* CuteAttribute+Underline.swift */; };
		3F615F5E1F52F8FD006CFBCB /* CuteAttributeKeys.swift in Sources */ = {isa = PBXBuildFile; fileRef = 3F615F4E1F52F8FD006CFBCB /* CuteAttributeKeys.swift */; };
		3F615F5F1F52F8FD006CFBCB /* DataDetectorHelper.swift in Sources */ = {isa = PBXBuildFile; fileRef = 3F615F4F1F52F8FD006CFBCB /* DataDetectorHelper.swift */; };
		3F615F601F52F8FD006CFBCB /* RegexHelper.swift in Sources */ = {isa = PBXBuildFile; fileRef = 3F615F501F52F8FD006CFBCB /* RegexHelper.swift */; };
		3F615F611F52F8FD006CFBCB /* String+Cute.swift in Sources */ = {isa = PBXBuildFile; fileRef = 3F615F511F52F8FD006CFBCB /* String+Cute.swift */; };
		3F615F621F52F8FD006CFBCB /* UIColor+Cute.swift in Sources */ = {isa = PBXBuildFile; fileRef = 3F615F521F52F8FD006CFBCB /* UIColor+Cute.swift */; };
		3F615F631F52F8FD006CFBCB /* UILabel+Cute.swift in Sources */ = {isa = PBXBuildFile; fileRef = 3F615F531F52F8FD006CFBCB /* UILabel+Cute.swift */; };
		3F615F641F52F8FD006CFBCB /* UITextField+Cute.swift in Sources */ = {isa = PBXBuildFile; fileRef = 3F615F541F52F8FD006CFBCB /* UITextField+Cute.swift */; };
		3F615F651F52F8FD006CFBCB /* UITextView+Cute.swift in Sources */ = {isa = PBXBuildFile; fileRef = 3F615F551F52F8FD006CFBCB /* UITextView+Cute.swift */; };
		3F77D3531F8A775900B3ACDA /* CuteAttribute+Tap.swift in Sources */ = {isa = PBXBuildFile; fileRef = 3F77D3521F8A775900B3ACDA /* CuteAttribute+Tap.swift */; };
		3F7A0BDB2009C5EB00952875 /* Box.swift in Sources */ = {isa = PBXBuildFile; fileRef = 3F7A0BDA2009C5EB00952875 /* Box.swift */; };
		3F7D3CBA1F406E6900409657 /* CuteAttribute.framework in Frameworks */ = {isa = PBXBuildFile; fileRef = 3F7D3CB01F406E6900409657 /* CuteAttribute.framework */; };
		3F7D3CBF1F406E6900409657 /* CuteAttributeTests.swift in Sources */ = {isa = PBXBuildFile; fileRef = 3F7D3CBE1F406E6900409657 /* CuteAttributeTests.swift */; };
		3F9668872009DA9F0021BE22 /* CuteHighlight.swift in Sources */ = {isa = PBXBuildFile; fileRef = 3F9668862009DA9F0021BE22 /* CuteHighlight.swift */; };
		3F9B002E1F41E72C0021CBDD /* CuteAttribute.framework in Frameworks */ = {isa = PBXBuildFile; fileRef = 3F7D3CB01F406E6900409657 /* CuteAttribute.framework */; };
		3F9B002F1F41E72C0021CBDD /* CuteAttribute.framework in Embed Frameworks */ = {isa = PBXBuildFile; fileRef = 3F7D3CB01F406E6900409657 /* CuteAttribute.framework */; settings = {ATTRIBUTES = (CodeSignOnCopy, RemoveHeadersOnCopy, ); }; };
		3FF121E91FB887B700D8DD09 /* TapableLabel.swift in Sources */ = {isa = PBXBuildFile; fileRef = 3FF121E81FB887B700D8DD09 /* TapableLabel.swift */; };
		3FF121EB1FB8936900D8DD09 /* UIView+Cute.swift in Sources */ = {isa = PBXBuildFile; fileRef = 3FF121EA1FB8936900D8DD09 /* UIView+Cute.swift */; };
/* End PBXBuildFile section */

/* Begin PBXContainerItemProxy section */
		3F7D3CBB1F406E6900409657 /* PBXContainerItemProxy */ = {
			isa = PBXContainerItemProxy;
			containerPortal = 3F7D3CA71F406E6900409657 /* Project object */;
			proxyType = 1;
			remoteGlobalIDString = 3F7D3CAF1F406E6900409657;
			remoteInfo = CuteAttribute;
		};
		3F9B00301F41E72C0021CBDD /* PBXContainerItemProxy */ = {
			isa = PBXContainerItemProxy;
			containerPortal = 3F7D3CA71F406E6900409657 /* Project object */;
			proxyType = 1;
			remoteGlobalIDString = 3F7D3CAF1F406E6900409657;
			remoteInfo = CuteAttribute;
		};
/* End PBXContainerItemProxy section */

/* Begin PBXCopyFilesBuildPhase section */
		3F9B00321F41E72C0021CBDD /* Embed Frameworks */ = {
			isa = PBXCopyFilesBuildPhase;
			buildActionMask = 2147483647;
			dstPath = "";
			dstSubfolderSpec = 10;
			files = (
				3F9B002F1F41E72C0021CBDD /* CuteAttribute.framework in Embed Frameworks */,
			);
			name = "Embed Frameworks";
			runOnlyForDeploymentPostprocessing = 0;
		};
/* End PBXCopyFilesBuildPhase section */

/* Begin PBXFileReference section */
		3F30470A1F40945900F8BF5D /* Example.app */ = {isa = PBXFileReference; explicitFileType = wrapper.application; includeInIndex = 0; path = Example.app; sourceTree = BUILT_PRODUCTS_DIR; };
		3F30470C1F40945900F8BF5D /* AppDelegate.swift */ = {isa = PBXFileReference; lastKnownFileType = sourcecode.swift; path = AppDelegate.swift; sourceTree = "<group>"; };
		3F30470E1F40945900F8BF5D /* ViewController.swift */ = {isa = PBXFileReference; lastKnownFileType = sourcecode.swift; path = ViewController.swift; sourceTree = "<group>"; };
		3F3047111F40945900F8BF5D /* Base */ = {isa = PBXFileReference; lastKnownFileType = file.storyboard; name = Base; path = Base.lproj/Main.storyboard; sourceTree = "<group>"; };
		3F3047131F40945900F8BF5D /* Assets.xcassets */ = {isa = PBXFileReference; lastKnownFileType = folder.assetcatalog; path = Assets.xcassets; sourceTree = "<group>"; };
		3F3047161F40945900F8BF5D /* Base */ = {isa = PBXFileReference; lastKnownFileType = file.storyboard; name = Base; path = Base.lproj/LaunchScreen.storyboard; sourceTree = "<group>"; };
		3F3047181F40945900F8BF5D /* Info.plist */ = {isa = PBXFileReference; lastKnownFileType = text.plist.xml; path = Info.plist; sourceTree = "<group>"; };
		3F615F3F1F52EF05006CFBCB /* CuteAttribute.podspec */ = {isa = PBXFileReference; lastKnownFileType = text; path = CuteAttribute.podspec; sourceTree = "<group>"; };
		3F615F401F52EF05006CFBCB /* README.md */ = {isa = PBXFileReference; lastKnownFileType = net.daringfireball.markdown; path = README.md; sourceTree = "<group>"; };
		3F615F411F52EF05006CFBCB /* LICENSE */ = {isa = PBXFileReference; lastKnownFileType = text; path = LICENSE; sourceTree = "<group>"; };
		3F615F421F52F000006CFBCB /* Info.plist */ = {isa = PBXFileReference; fileEncoding = 4; lastKnownFileType = text.plist.xml; path = Info.plist; sourceTree = "<group>"; };
		3F615F431F52F025006CFBCB /* CuteAttribute.h */ = {isa = PBXFileReference; fileEncoding = 4; lastKnownFileType = sourcecode.c.h; path = CuteAttribute.h; sourceTree = "<group>"; };
		3F615F461F52F8FD006CFBCB /* CuteAttribute.swift */ = {isa = PBXFileReference; fileEncoding = 4; lastKnownFileType = sourcecode.swift; path = CuteAttribute.swift; sourceTree = "<group>"; };
		3F615F471F52F8FD006CFBCB /* CuteAttribute+append.swift */ = {isa = PBXFileReference; fileEncoding = 4; lastKnownFileType = sourcecode.swift; path = "CuteAttribute+append.swift"; sourceTree = "<group>"; };
		3F615F481F52F8FD006CFBCB /* CuteAttribute+Attributes.swift */ = {isa = PBXFileReference; fileEncoding = 4; lastKnownFileType = sourcecode.swift; path = "CuteAttribute+Attributes.swift"; sourceTree = "<group>"; };
		3F615F491F52F8FD006CFBCB /* CuteAttribute+Color.swift */ = {isa = PBXFileReference; fileEncoding = 4; lastKnownFileType = sourcecode.swift; path = "CuteAttribute+Color.swift"; sourceTree = "<group>"; };
		3F615F4A1F52F8FD006CFBCB /* CuteAttribute+Convert.swift */ = {isa = PBXFileReference; fileEncoding = 4; lastKnownFileType = sourcecode.swift; path = "CuteAttribute+Convert.swift"; sourceTree = "<group>"; };
		3F615F4B1F52F8FD006CFBCB /* CuteAttribute+Match.swift */ = {isa = PBXFileReference; fileEncoding = 4; lastKnownFileType = sourcecode.swift; path = "CuteAttribute+Match.swift"; sourceTree = "<group>"; };
		3F615F4C1F52F8FD006CFBCB /* CuteAttribute+NSRange.swift */ = {isa = PBXFileReference; fileEncoding = 4; lastKnownFileType = sourcecode.swift; path = "CuteAttribute+NSRange.swift"; sourceTree = "<group>"; };
		3F615F4D1F52F8FD006CFBCB /* CuteAttribute+Underline.swift */ = {isa = PBXFileReference; fileEncoding = 4; lastKnownFileType = sourcecode.swift; path = "CuteAttribute+Underline.swift"; sourceTree = "<group>"; };
		3F615F4E1F52F8FD006CFBCB /* CuteAttributeKeys.swift */ = {isa = PBXFileReference; fileEncoding = 4; lastKnownFileType = sourcecode.swift; path = CuteAttributeKeys.swift; sourceTree = "<group>"; };
		3F615F4F1F52F8FD006CFBCB /* DataDetectorHelper.swift */ = {isa = PBXFileReference; fileEncoding = 4; lastKnownFileType = sourcecode.swift; path = DataDetectorHelper.swift; sourceTree = "<group>"; };
		3F615F501F52F8FD006CFBCB /* RegexHelper.swift */ = {isa = PBXFileReference; fileEncoding = 4; lastKnownFileType = sourcecode.swift; path = RegexHelper.swift; sourceTree = "<group>"; };
		3F615F511F52F8FD006CFBCB /* String+Cute.swift */ = {isa = PBXFileReference; fileEncoding = 4; lastKnownFileType = sourcecode.swift; path = "String+Cute.swift"; sourceTree = "<group>"; };
		3F615F521F52F8FD006CFBCB /* UIColor+Cute.swift */ = {isa = PBXFileReference; fileEncoding = 4; lastKnownFileType = sourcecode.swift; path = "UIColor+Cute.swift"; sourceTree = "<group>"; };
		3F615F531F52F8FD006CFBCB /* UILabel+Cute.swift */ = {isa = PBXFileReference; fileEncoding = 4; lastKnownFileType = sourcecode.swift; path = "UILabel+Cute.swift"; sourceTree = "<group>"; };
		3F615F541F52F8FD006CFBCB /* UITextField+Cute.swift */ = {isa = PBXFileReference; fileEncoding = 4; lastKnownFileType = sourcecode.swift; path = "UITextField+Cute.swift"; sourceTree = "<group>"; };
		3F615F551F52F8FD006CFBCB /* UITextView+Cute.swift */ = {isa = PBXFileReference; fileEncoding = 4; lastKnownFileType = sourcecode.swift; path = "UITextView+Cute.swift"; sourceTree = "<group>"; };
		3F77D3521F8A775900B3ACDA /* CuteAttribute+Tap.swift */ = {isa = PBXFileReference; lastKnownFileType = sourcecode.swift; path = "CuteAttribute+Tap.swift"; sourceTree = "<group>"; };
		3F7A0BDA2009C5EB00952875 /* Box.swift */ = {isa = PBXFileReference; lastKnownFileType = sourcecode.swift; path = Box.swift; sourceTree = "<group>"; };
		3F7D3CB01F406E6900409657 /* CuteAttribute.framework */ = {isa = PBXFileReference; explicitFileType = wrapper.framework; includeInIndex = 0; path = CuteAttribute.framework; sourceTree = BUILT_PRODUCTS_DIR; };
		3F7D3CB91F406E6900409657 /* CuteAttributeTests.xctest */ = {isa = PBXFileReference; explicitFileType = wrapper.cfbundle; includeInIndex = 0; path = CuteAttributeTests.xctest; sourceTree = BUILT_PRODUCTS_DIR; };
		3F7D3CBE1F406E6900409657 /* CuteAttributeTests.swift */ = {isa = PBXFileReference; lastKnownFileType = sourcecode.swift; path = CuteAttributeTests.swift; sourceTree = "<group>"; };
		3F7D3CC01F406E6900409657 /* Info.plist */ = {isa = PBXFileReference; lastKnownFileType = text.plist.xml; path = Info.plist; sourceTree = "<group>"; };
		3F9668862009DA9F0021BE22 /* CuteHighlight.swift */ = {isa = PBXFileReference; lastKnownFileType = sourcecode.swift; path = CuteHighlight.swift; sourceTree = "<group>"; };
		3FF121E81FB887B700D8DD09 /* TapableLabel.swift */ = {isa = PBXFileReference; lastKnownFileType = sourcecode.swift; path = TapableLabel.swift; sourceTree = "<group>"; };
		3FF121EA1FB8936900D8DD09 /* UIView+Cute.swift */ = {isa = PBXFileReference; lastKnownFileType = sourcecode.swift; path = "UIView+Cute.swift"; sourceTree = "<group>"; };
/* End PBXFileReference section */

/* Begin PBXFrameworksBuildPhase section */
		3F3047071F40945900F8BF5D /* Frameworks */ = {
			isa = PBXFrameworksBuildPhase;
			buildActionMask = 2147483647;
			files = (
				3F9B002E1F41E72C0021CBDD /* CuteAttribute.framework in Frameworks */,
			);
			runOnlyForDeploymentPostprocessing = 0;
		};
		3F7D3CAC1F406E6900409657 /* Frameworks */ = {
			isa = PBXFrameworksBuildPhase;
			buildActionMask = 2147483647;
			files = (
			);
			runOnlyForDeploymentPostprocessing = 0;
		};
		3F7D3CB61F406E6900409657 /* Frameworks */ = {
			isa = PBXFrameworksBuildPhase;
			buildActionMask = 2147483647;
			files = (
				3F7D3CBA1F406E6900409657 /* CuteAttribute.framework in Frameworks */,
			);
			runOnlyForDeploymentPostprocessing = 0;
		};
/* End PBXFrameworksBuildPhase section */

/* Begin PBXGroup section */
		3F30470B1F40945900F8BF5D /* Example */ = {
			isa = PBXGroup;
			children = (
				3F30470C1F40945900F8BF5D /* AppDelegate.swift */,
				3F30470E1F40945900F8BF5D /* ViewController.swift */,
				3F3047101F40945900F8BF5D /* Main.storyboard */,
				3F3047131F40945900F8BF5D /* Assets.xcassets */,
				3F3047151F40945900F8BF5D /* LaunchScreen.storyboard */,
				3F3047181F40945900F8BF5D /* Info.plist */,
			);
			path = Example;
			sourceTree = "<group>";
		};
		3F615F661F52F90B006CFBCB /* Core */ = {
			isa = PBXGroup;
			children = (
				3F615F461F52F8FD006CFBCB /* CuteAttribute.swift */,
				3F615F471F52F8FD006CFBCB /* CuteAttribute+append.swift */,
				3F615F481F52F8FD006CFBCB /* CuteAttribute+Attributes.swift */,
				3F615F491F52F8FD006CFBCB /* CuteAttribute+Color.swift */,
				3F615F4A1F52F8FD006CFBCB /* CuteAttribute+Convert.swift */,
				3F615F4B1F52F8FD006CFBCB /* CuteAttribute+Match.swift */,
				3F615F4C1F52F8FD006CFBCB /* CuteAttribute+NSRange.swift */,
				3F615F4D1F52F8FD006CFBCB /* CuteAttribute+Underline.swift */,
				3F77D3521F8A775900B3ACDA /* CuteAttribute+Tap.swift */,
				3F9668862009DA9F0021BE22 /* CuteHighlight.swift */,
			);
			name = Core;
			sourceTree = "<group>";
		};
		3F615F671F52F910006CFBCB /* UIKit */ = {
			isa = PBXGroup;
			children = (
				3F615F531F52F8FD006CFBCB /* UILabel+Cute.swift */,
				3FF121E81FB887B700D8DD09 /* TapableLabel.swift */,
				3F615F541F52F8FD006CFBCB /* UITextField+Cute.swift */,
				3F615F551F52F8FD006CFBCB /* UITextView+Cute.swift */,
				3FF121EA1FB8936900D8DD09 /* UIView+Cute.swift */,
				3F615F521F52F8FD006CFBCB /* UIColor+Cute.swift */,
			);
			name = UIKit;
			sourceTree = "<group>";
		};
		3F7A0BD92009C5DC00952875 /* Helper */ = {
			isa = PBXGroup;
			children = (
				3F615F4F1F52F8FD006CFBCB /* DataDetectorHelper.swift */,
				3F615F501F52F8FD006CFBCB /* RegexHelper.swift */,
				3F615F4E1F52F8FD006CFBCB /* CuteAttributeKeys.swift */,
				3F615F511F52F8FD006CFBCB /* String+Cute.swift */,
				3F7A0BDA2009C5EB00952875 /* Box.swift */,
			);
			name = Helper;
			sourceTree = "<group>";
		};
		3F7D3CA61F406E6900409657 = {
			isa = PBXGroup;
			children = (
				3F615F3F1F52EF05006CFBCB /* CuteAttribute.podspec */,
				3F615F401F52EF05006CFBCB /* README.md */,
				3F615F411F52EF05006CFBCB /* LICENSE */,
				3F7D3CB21F406E6900409657 /* CuteAttribute */,
				3F7D3CBD1F406E6900409657 /* CuteAttributeTests */,
				3F30470B1F40945900F8BF5D /* Example */,
				3F7D3CB11F406E6900409657 /* Products */,
			);
			indentWidth = 4;
			sourceTree = "<group>";
			tabWidth = 4;
		};
		3F7D3CB11F406E6900409657 /* Products */ = {
			isa = PBXGroup;
			children = (
				3F7D3CB01F406E6900409657 /* CuteAttribute.framework */,
				3F7D3CB91F406E6900409657 /* CuteAttributeTests.xctest */,
				3F30470A1F40945900F8BF5D /* Example.app */,
			);
			name = Products;
			sourceTree = "<group>";
		};
		3F7D3CB21F406E6900409657 /* CuteAttribute */ = {
			isa = PBXGroup;
			children = (
				3F615F431F52F025006CFBCB /* CuteAttribute.h */,
				3F615F421F52F000006CFBCB /* Info.plist */,
				3F7A0BD92009C5DC00952875 /* Helper */,
				3F615F661F52F90B006CFBCB /* Core */,
				3F615F671F52F910006CFBCB /* UIKit */,
			);
			path = CuteAttribute;
			sourceTree = "<group>";
		};
		3F7D3CBD1F406E6900409657 /* CuteAttributeTests */ = {
			isa = PBXGroup;
			children = (
				3F7D3CBE1F406E6900409657 /* CuteAttributeTests.swift */,
				3F7D3CC01F406E6900409657 /* Info.plist */,
			);
			path = CuteAttributeTests;
			sourceTree = "<group>";
		};
/* End PBXGroup section */

/* Begin PBXHeadersBuildPhase section */
		3F7D3CAD1F406E6900409657 /* Headers */ = {
			isa = PBXHeadersBuildPhase;
			buildActionMask = 2147483647;
			files = (
				3F615F451F52F081006CFBCB /* CuteAttribute.h in Headers */,
			);
			runOnlyForDeploymentPostprocessing = 0;
		};
/* End PBXHeadersBuildPhase section */

/* Begin PBXNativeTarget section */
		3F3047091F40945900F8BF5D /* Example */ = {
			isa = PBXNativeTarget;
			buildConfigurationList = 3F3047191F40945900F8BF5D /* Build configuration list for PBXNativeTarget "Example" */;
			buildPhases = (
				3F3047061F40945900F8BF5D /* Sources */,
				3F3047071F40945900F8BF5D /* Frameworks */,
				3F3047081F40945900F8BF5D /* Resources */,
				3F9B00321F41E72C0021CBDD /* Embed Frameworks */,
			);
			buildRules = (
			);
			dependencies = (
				3F9B00311F41E72C0021CBDD /* PBXTargetDependency */,
			);
			name = Example;
			productName = Example;
			productReference = 3F30470A1F40945900F8BF5D /* Example.app */;
			productType = "com.apple.product-type.application";
		};
		3F7D3CAF1F406E6900409657 /* CuteAttribute */ = {
			isa = PBXNativeTarget;
			buildConfigurationList = 3F7D3CC41F406E6900409657 /* Build configuration list for PBXNativeTarget "CuteAttribute" */;
			buildPhases = (
				3F7D3CAB1F406E6900409657 /* Sources */,
				3F7D3CAC1F406E6900409657 /* Frameworks */,
				3F7D3CAD1F406E6900409657 /* Headers */,
				86326435208B59540018C406 /* ShellScript */,
			);
			buildRules = (
			);
			dependencies = (
			);
			name = CuteAttribute;
			productName = CuteAttribute;
			productReference = 3F7D3CB01F406E6900409657 /* CuteAttribute.framework */;
			productType = "com.apple.product-type.framework";
		};
		3F7D3CB81F406E6900409657 /* CuteAttributeTests */ = {
			isa = PBXNativeTarget;
			buildConfigurationList = 3F7D3CC71F406E6900409657 /* Build configuration list for PBXNativeTarget "CuteAttributeTests" */;
			buildPhases = (
				3F7D3CB51F406E6900409657 /* Sources */,
				3F7D3CB61F406E6900409657 /* Frameworks */,
				3F7D3CB71F406E6900409657 /* Resources */,
			);
			buildRules = (
			);
			dependencies = (
				3F7D3CBC1F406E6900409657 /* PBXTargetDependency */,
			);
			name = CuteAttributeTests;
			productName = CuteAttributeTests;
			productReference = 3F7D3CB91F406E6900409657 /* CuteAttributeTests.xctest */;
			productType = "com.apple.product-type.bundle.unit-test";
		};
/* End PBXNativeTarget section */

/* Begin PBXProject section */
		3F7D3CA71F406E6900409657 /* Project object */ = {
			isa = PBXProject;
			attributes = {
				LastSwiftUpdateCheck = 0830;
				LastUpgradeCheck = 0930;
				ORGANIZATIONNAME = "https://vsccw.com";
				TargetAttributes = {
					3F3047091F40945900F8BF5D = {
						CreatedOnToolsVersion = 8.3.3;
						DevelopmentTeam = 7Z9QGDZHJM;
						LastSwiftMigration = 1010;
						ProvisioningStyle = Automatic;
					};
					3F7D3CAF1F406E6900409657 = {
						CreatedOnToolsVersion = 8.3.3;
						DevelopmentTeam = 7Z9QGDZHJM;
						LastSwiftMigration = 0900;
						ProvisioningStyle = Automatic;
					};
					3F7D3CB81F406E6900409657 = {
						CreatedOnToolsVersion = 8.3.3;
						LastSwiftMigration = 1010;
						ProvisioningStyle = Automatic;
					};
				};
			};
			buildConfigurationList = 3F7D3CAA1F406E6900409657 /* Build configuration list for PBXProject "CuteAttribute" */;
			compatibilityVersion = "Xcode 3.2";
			developmentRegion = English;
			hasScannedForEncodings = 0;
			knownRegions = (
				en,
				Base,
			);
			mainGroup = 3F7D3CA61F406E6900409657;
			productRefGroup = 3F7D3CB11F406E6900409657 /* Products */;
			projectDirPath = "";
			projectRoot = "";
			targets = (
				3F7D3CAF1F406E6900409657 /* CuteAttribute */,
				3F7D3CB81F406E6900409657 /* CuteAttributeTests */,
				3F3047091F40945900F8BF5D /* Example */,
			);
		};
/* End PBXProject section */

/* Begin PBXResourcesBuildPhase section */
		3F3047081F40945900F8BF5D /* Resources */ = {
			isa = PBXResourcesBuildPhase;
			buildActionMask = 2147483647;
			files = (
				3F3047171F40945900F8BF5D /* LaunchScreen.storyboard in Resources */,
				3F3047141F40945900F8BF5D /* Assets.xcassets in Resources */,
				3F3047121F40945900F8BF5D /* Main.storyboard in Resources */,
			);
			runOnlyForDeploymentPostprocessing = 0;
		};
		3F7D3CB71F406E6900409657 /* Resources */ = {
			isa = PBXResourcesBuildPhase;
			buildActionMask = 2147483647;
			files = (
			);
			runOnlyForDeploymentPostprocessing = 0;
		};
/* End PBXResourcesBuildPhase section */

/* Begin PBXShellScriptBuildPhase section */
		86326435208B59540018C406 /* ShellScript */ = {
			isa = PBXShellScriptBuildPhase;
			buildActionMask = 2147483647;
			files = (
			);
			inputPaths = (
			);
			outputPaths = (
			);
			runOnlyForDeploymentPostprocessing = 0;
			shellPath = /bin/sh;
			shellScript = "if which swiftlint >/dev/null; then\nswiftlint\nelse\necho \"warning: SwiftLint not installed, download from https://github.com/realm/SwiftLint\"\nfi\n";
		};
/* End PBXShellScriptBuildPhase section */

/* Begin PBXSourcesBuildPhase section */
		3F3047061F40945900F8BF5D /* Sources */ = {
			isa = PBXSourcesBuildPhase;
			buildActionMask = 2147483647;
			files = (
				3F30470F1F40945900F8BF5D /* ViewController.swift in Sources */,
				3F30470D1F40945900F8BF5D /* AppDelegate.swift in Sources */,
			);
			runOnlyForDeploymentPostprocessing = 0;
		};
		3F7D3CAB1F406E6900409657 /* Sources */ = {
			isa = PBXSourcesBuildPhase;
			buildActionMask = 2147483647;
			files = (
				3F615F5E1F52F8FD006CFBCB /* CuteAttributeKeys.swift in Sources */,
				3F77D3531F8A775900B3ACDA /* CuteAttribute+Tap.swift in Sources */,
				3F615F5F1F52F8FD006CFBCB /* DataDetectorHelper.swift in Sources */,
				3F615F561F52F8FD006CFBCB /* CuteAttribute.swift in Sources */,
				3F615F631F52F8FD006CFBCB /* UILabel+Cute.swift in Sources */,
				3F615F571F52F8FD006CFBCB /* CuteAttribute+append.swift in Sources */,
				3FF121E91FB887B700D8DD09 /* TapableLabel.swift in Sources */,
				3F615F581F52F8FD006CFBCB /* CuteAttribute+Attributes.swift in Sources */,
				3F615F641F52F8FD006CFBCB /* UITextField+Cute.swift in Sources */,
				3F7A0BDB2009C5EB00952875 /* Box.swift in Sources */,
				3F9668872009DA9F0021BE22 /* CuteHighlight.swift in Sources */,
				3F615F5A1F52F8FD006CFBCB /* CuteAttribute+Convert.swift in Sources */,
				3F615F5C1F52F8FD006CFBCB /* CuteAttribute+NSRange.swift in Sources */,
				3F615F591F52F8FD006CFBCB /* CuteAttribute+Color.swift in Sources */,
				3F615F651F52F8FD006CFBCB /* UITextView+Cute.swift in Sources */,
				3F615F5D1F52F8FD006CFBCB /* CuteAttribute+Underline.swift in Sources */,
				3F615F5B1F52F8FD006CFBCB /* CuteAttribute+Match.swift in Sources */,
				3F615F601F52F8FD006CFBCB /* RegexHelper.swift in Sources */,
				3F615F611F52F8FD006CFBCB /* String+Cute.swift in Sources */,
				3F615F621F52F8FD006CFBCB /* UIColor+Cute.swift in Sources */,
				3FF121EB1FB8936900D8DD09 /* UIView+Cute.swift in Sources */,
			);
			runOnlyForDeploymentPostprocessing = 0;
		};
		3F7D3CB51F406E6900409657 /* Sources */ = {
			isa = PBXSourcesBuildPhase;
			buildActionMask = 2147483647;
			files = (
				3F7D3CBF1F406E6900409657 /* CuteAttributeTests.swift in Sources */,
			);
			runOnlyForDeploymentPostprocessing = 0;
		};
/* End PBXSourcesBuildPhase section */

/* Begin PBXTargetDependency section */
		3F7D3CBC1F406E6900409657 /* PBXTargetDependency */ = {
			isa = PBXTargetDependency;
			target = 3F7D3CAF1F406E6900409657 /* CuteAttribute */;
			targetProxy = 3F7D3CBB1F406E6900409657 /* PBXContainerItemProxy */;
		};
		3F9B00311F41E72C0021CBDD /* PBXTargetDependency */ = {
			isa = PBXTargetDependency;
			target = 3F7D3CAF1F406E6900409657 /* CuteAttribute */;
			targetProxy = 3F9B00301F41E72C0021CBDD /* PBXContainerItemProxy */;
		};
/* End PBXTargetDependency section */

/* Begin PBXVariantGroup section */
		3F3047101F40945900F8BF5D /* Main.storyboard */ = {
			isa = PBXVariantGroup;
			children = (
				3F3047111F40945900F8BF5D /* Base */,
			);
			name = Main.storyboard;
			sourceTree = "<group>";
		};
		3F3047151F40945900F8BF5D /* LaunchScreen.storyboard */ = {
			isa = PBXVariantGroup;
			children = (
				3F3047161F40945900F8BF5D /* Base */,
			);
			name = LaunchScreen.storyboard;
			sourceTree = "<group>";
		};
/* End PBXVariantGroup section */

/* Begin XCBuildConfiguration section */
		3F30471A1F40945900F8BF5D /* Debug */ = {
			isa = XCBuildConfiguration;
			buildSettings = {
				ALWAYS_EMBED_SWIFT_STANDARD_LIBRARIES = YES;
				ASSETCATALOG_COMPILER_APPICON_NAME = AppIcon;
				DEVELOPMENT_TEAM = 7Z9QGDZHJM;
				INFOPLIST_FILE = Example/Info.plist;
				IPHONEOS_DEPLOYMENT_TARGET = 8.0;
				LD_RUNPATH_SEARCH_PATHS = "$(inherited) @executable_path/Frameworks";
				PRODUCT_BUNDLE_IDENTIFIER = com.vsccw.Example;
				PRODUCT_NAME = "$(TARGET_NAME)";
				SWIFT_VERSION = 4.2;
			};
			name = Debug;
		};
		3F30471B1F40945900F8BF5D /* Release */ = {
			isa = XCBuildConfiguration;
			buildSettings = {
				ALWAYS_EMBED_SWIFT_STANDARD_LIBRARIES = YES;
				ASSETCATALOG_COMPILER_APPICON_NAME = AppIcon;
				DEVELOPMENT_TEAM = 7Z9QGDZHJM;
				INFOPLIST_FILE = Example/Info.plist;
				IPHONEOS_DEPLOYMENT_TARGET = 8.0;
				LD_RUNPATH_SEARCH_PATHS = "$(inherited) @executable_path/Frameworks";
				PRODUCT_BUNDLE_IDENTIFIER = com.vsccw.Example;
				PRODUCT_NAME = "$(TARGET_NAME)";
				SWIFT_VERSION = 4.2;
			};
			name = Release;
		};
		3F7D3CC21F406E6900409657 /* Debug */ = {
			isa = XCBuildConfiguration;
			buildSettings = {
				ALWAYS_SEARCH_USER_PATHS = NO;
				CLANG_ANALYZER_NONNULL = YES;
				CLANG_ANALYZER_NUMBER_OBJECT_CONVERSION = YES_AGGRESSIVE;
				CLANG_CXX_LANGUAGE_STANDARD = "gnu++0x";
				CLANG_CXX_LIBRARY = "libc++";
				CLANG_ENABLE_MODULES = YES;
				CLANG_ENABLE_OBJC_ARC = YES;
				CLANG_WARN_BLOCK_CAPTURE_AUTORELEASING = YES;
				CLANG_WARN_BOOL_CONVERSION = YES;
				CLANG_WARN_COMMA = YES;
				CLANG_WARN_CONSTANT_CONVERSION = YES;
				CLANG_WARN_DEPRECATED_OBJC_IMPLEMENTATIONS = YES;
				CLANG_WARN_DIRECT_OBJC_ISA_USAGE = YES_ERROR;
				CLANG_WARN_DOCUMENTATION_COMMENTS = YES;
				CLANG_WARN_EMPTY_BODY = YES;
				CLANG_WARN_ENUM_CONVERSION = YES;
				CLANG_WARN_INFINITE_RECURSION = YES;
				CLANG_WARN_INT_CONVERSION = YES;
				CLANG_WARN_NON_LITERAL_NULL_CONVERSION = YES;
				CLANG_WARN_OBJC_IMPLICIT_RETAIN_SELF = YES;
				CLANG_WARN_OBJC_LITERAL_CONVERSION = YES;
				CLANG_WARN_OBJC_ROOT_CLASS = YES_ERROR;
				CLANG_WARN_RANGE_LOOP_ANALYSIS = YES;
				CLANG_WARN_STRICT_PROTOTYPES = YES;
				CLANG_WARN_SUSPICIOUS_MOVE = YES;
				CLANG_WARN_UNREACHABLE_CODE = YES;
				CLANG_WARN__DUPLICATE_METHOD_MATCH = YES;
				"CODE_SIGN_IDENTITY[sdk=iphoneos*]" = "iPhone Developer";
				COPY_PHASE_STRIP = NO;
				CURRENT_PROJECT_VERSION = 1;
				DEBUG_INFORMATION_FORMAT = dwarf;
				ENABLE_STRICT_OBJC_MSGSEND = YES;
				ENABLE_TESTABILITY = YES;
				GCC_C_LANGUAGE_STANDARD = gnu99;
				GCC_DYNAMIC_NO_PIC = NO;
				GCC_NO_COMMON_BLOCKS = YES;
				GCC_OPTIMIZATION_LEVEL = 0;
				GCC_PREPROCESSOR_DEFINITIONS = (
					"DEBUG=1",
					"$(inherited)",
				);
				GCC_WARN_64_TO_32_BIT_CONVERSION = YES;
				GCC_WARN_ABOUT_RETURN_TYPE = YES_ERROR;
				GCC_WARN_UNDECLARED_SELECTOR = YES;
				GCC_WARN_UNINITIALIZED_AUTOS = YES_AGGRESSIVE;
				GCC_WARN_UNUSED_FUNCTION = YES;
				GCC_WARN_UNUSED_VARIABLE = YES;
				IPHONEOS_DEPLOYMENT_TARGET = 10.3;
				MTL_ENABLE_DEBUG_INFO = YES;
				ONLY_ACTIVE_ARCH = YES;
				SDKROOT = iphoneos;
				SWIFT_ACTIVE_COMPILATION_CONDITIONS = DEBUG;
				SWIFT_OPTIMIZATION_LEVEL = "-Onone";
				TARGETED_DEVICE_FAMILY = "1,2";
				VERSIONING_SYSTEM = "apple-generic";
				VERSION_INFO_PREFIX = "";
			};
			name = Debug;
		};
		3F7D3CC31F406E6900409657 /* Release */ = {
			isa = XCBuildConfiguration;
			buildSettings = {
				ALWAYS_SEARCH_USER_PATHS = NO;
				CLANG_ANALYZER_NONNULL = YES;
				CLANG_ANALYZER_NUMBER_OBJECT_CONVERSION = YES_AGGRESSIVE;
				CLANG_CXX_LANGUAGE_STANDARD = "gnu++0x";
				CLANG_CXX_LIBRARY = "libc++";
				CLANG_ENABLE_MODULES = YES;
				CLANG_ENABLE_OBJC_ARC = YES;
				CLANG_WARN_BLOCK_CAPTURE_AUTORELEASING = YES;
				CLANG_WARN_BOOL_CONVERSION = YES;
				CLANG_WARN_COMMA = YES;
				CLANG_WARN_CONSTANT_CONVERSION = YES;
				CLANG_WARN_DEPRECATED_OBJC_IMPLEMENTATIONS = YES;
				CLANG_WARN_DIRECT_OBJC_ISA_USAGE = YES_ERROR;
				CLANG_WARN_DOCUMENTATION_COMMENTS = YES;
				CLANG_WARN_EMPTY_BODY = YES;
				CLANG_WARN_ENUM_CONVERSION = YES;
				CLANG_WARN_INFINITE_RECURSION = YES;
				CLANG_WARN_INT_CONVERSION = YES;
				CLANG_WARN_NON_LITERAL_NULL_CONVERSION = YES;
				CLANG_WARN_OBJC_IMPLICIT_RETAIN_SELF = YES;
				CLANG_WARN_OBJC_LITERAL_CONVERSION = YES;
				CLANG_WARN_OBJC_ROOT_CLASS = YES_ERROR;
				CLANG_WARN_RANGE_LOOP_ANALYSIS = YES;
				CLANG_WARN_STRICT_PROTOTYPES = YES;
				CLANG_WARN_SUSPICIOUS_MOVE = YES;
				CLANG_WARN_UNREACHABLE_CODE = YES;
				CLANG_WARN__DUPLICATE_METHOD_MATCH = YES;
				"CODE_SIGN_IDENTITY[sdk=iphoneos*]" = "iPhone Developer";
				COPY_PHASE_STRIP = NO;
				CURRENT_PROJECT_VERSION = 1;
				DEBUG_INFORMATION_FORMAT = "dwarf-with-dsym";
				ENABLE_NS_ASSERTIONS = NO;
				ENABLE_STRICT_OBJC_MSGSEND = YES;
				GCC_C_LANGUAGE_STANDARD = gnu99;
				GCC_NO_COMMON_BLOCKS = YES;
				GCC_WARN_64_TO_32_BIT_CONVERSION = YES;
				GCC_WARN_ABOUT_RETURN_TYPE = YES_ERROR;
				GCC_WARN_UNDECLARED_SELECTOR = YES;
				GCC_WARN_UNINITIALIZED_AUTOS = YES_AGGRESSIVE;
				GCC_WARN_UNUSED_FUNCTION = YES;
				GCC_WARN_UNUSED_VARIABLE = YES;
				IPHONEOS_DEPLOYMENT_TARGET = 10.3;
				MTL_ENABLE_DEBUG_INFO = NO;
				SDKROOT = iphoneos;
				SWIFT_OPTIMIZATION_LEVEL = "-Owholemodule";
				TARGETED_DEVICE_FAMILY = "1,2";
				VALIDATE_PRODUCT = YES;
				VERSIONING_SYSTEM = "apple-generic";
				VERSION_INFO_PREFIX = "";
			};
			name = Release;
		};
		3F7D3CC51F406E6900409657 /* Debug */ = {
			isa = XCBuildConfiguration;
			buildSettings = {
				CLANG_ENABLE_MODULES = YES;
				CODE_SIGN_IDENTITY = "";
				DEFINES_MODULE = YES;
				DEVELOPMENT_TEAM = 7Z9QGDZHJM;
				DYLIB_COMPATIBILITY_VERSION = 1;
				DYLIB_CURRENT_VERSION = 1;
				DYLIB_INSTALL_NAME_BASE = "@rpath";
				INFOPLIST_FILE = CuteAttribute/Info.plist;
				INSTALL_PATH = "$(LOCAL_LIBRARY_DIR)/Frameworks";
				IPHONEOS_DEPLOYMENT_TARGET = 8.0;
				LD_RUNPATH_SEARCH_PATHS = "$(inherited) @executable_path/Frameworks @loader_path/Frameworks";
				PRODUCT_BUNDLE_IDENTIFIER = com.vsccw.CuteAttribute;
				PRODUCT_NAME = "$(TARGET_NAME)";
				SKIP_INSTALL = YES;
				SWIFT_OPTIMIZATION_LEVEL = "-Onone";
				SWIFT_SWIFT3_OBJC_INFERENCE = Default;
				SWIFT_VERSION = 4.2;
			};
			name = Debug;
		};
		3F7D3CC61F406E6900409657 /* Release */ = {
			isa = XCBuildConfiguration;
			buildSettings = {
				CLANG_ENABLE_MODULES = YES;
				CODE_SIGN_IDENTITY = "";
				DEFINES_MODULE = YES;
				DEVELOPMENT_TEAM = 7Z9QGDZHJM;
				DYLIB_COMPATIBILITY_VERSION = 1;
				DYLIB_CURRENT_VERSION = 1;
				DYLIB_INSTALL_NAME_BASE = "@rpath";
				INFOPLIST_FILE = CuteAttribute/Info.plist;
				INSTALL_PATH = "$(LOCAL_LIBRARY_DIR)/Frameworks";
				IPHONEOS_DEPLOYMENT_TARGET = 8.0;
				LD_RUNPATH_SEARCH_PATHS = "$(inherited) @executable_path/Frameworks @loader_path/Frameworks";
				PRODUCT_BUNDLE_IDENTIFIER = com.vsccw.CuteAttribute;
				PRODUCT_NAME = "$(TARGET_NAME)";
				SKIP_INSTALL = YES;
				SWIFT_SWIFT3_OBJC_INFERENCE = Default;
				SWIFT_VERSION = 4.2;
			};
			name = Release;
		};
		3F7D3CC81F406E6900409657 /* Debug */ = {
			isa = XCBuildConfiguration;
			buildSettings = {
				ALWAYS_EMBED_SWIFT_STANDARD_LIBRARIES = YES;
				INFOPLIST_FILE = CuteAttributeTests/Info.plist;
				LD_RUNPATH_SEARCH_PATHS = "$(inherited) @executable_path/Frameworks @loader_path/Frameworks";
				PRODUCT_BUNDLE_IDENTIFIER = com.vsccw.CuteAttributeTests;
				PRODUCT_NAME = "$(TARGET_NAME)";
				SWIFT_SWIFT3_OBJC_INFERENCE = Off;
				SWIFT_VERSION = 4.2;
			};
			name = Debug;
		};
		3F7D3CC91F406E6900409657 /* Release */ = {
			isa = XCBuildConfiguration;
			buildSettings = {
				ALWAYS_EMBED_SWIFT_STANDARD_LIBRARIES = YES;
				INFOPLIST_FILE = CuteAttributeTests/Info.plist;
				LD_RUNPATH_SEARCH_PATHS = "$(inherited) @executable_path/Frameworks @loader_path/Frameworks";
				PRODUCT_BUNDLE_IDENTIFIER = com.vsccw.CuteAttributeTests;
				PRODUCT_NAME = "$(TARGET_NAME)";
				SWIFT_SWIFT3_OBJC_INFERENCE = Off;
				SWIFT_VERSION = 4.2;
			};
			name = Release;
		};
/* End XCBuildConfiguration section */

/* Begin XCConfigurationList section */
		3F3047191F40945900F8BF5D /* Build configuration list for PBXNativeTarget "Example" */ = {
			isa = XCConfigurationList;
			buildConfigurations = (
				3F30471A1F40945900F8BF5D /* Debug */,
				3F30471B1F40945900F8BF5D /* Release */,
			);
			defaultConfigurationIsVisible = 0;
			defaultConfigurationName = Release;
		};
		3F7D3CAA1F406E6900409657 /* Build configuration list for PBXProject "CuteAttribute" */ = {
			isa = XCConfigurationList;
			buildConfigurations = (
				3F7D3CC21F406E6900409657 /* Debug */,
				3F7D3CC31F406E6900409657 /* Release */,
			);
			defaultConfigurationIsVisible = 0;
			defaultConfigurationName = Release;
		};
		3F7D3CC41F406E6900409657 /* Build configuration list for PBXNativeTarget "CuteAttribute" */ = {
			isa = XCConfigurationList;
			buildConfigurations = (
				3F7D3CC51F406E6900409657 /* Debug */,
				3F7D3CC61F406E6900409657 /* Release */,
			);
			defaultConfigurationIsVisible = 0;
			defaultConfigurationName = Release;
		};
		3F7D3CC71F406E6900409657 /* Build configuration list for PBXNativeTarget "CuteAttributeTests" */ = {
			isa = XCConfigurationList;
			buildConfigurations = (
				3F7D3CC81F406E6900409657 /* Debug */,
				3F7D3CC91F406E6900409657 /* Release */,
			);
			defaultConfigurationIsVisible = 0;
			defaultConfigurationName = Release;
		};
/* End XCConfigurationList section */
	};
	rootObject = 3F7D3CA71F406E6900409657 /* Project object */;
}
